{
    "version": 3,
    "terraform_version": "0.11.10",
    "serial": 38,
    "lineage": "a8ebc781-e7c1-8c2e-4ec7-f5595827a253",
    "modules": [
        {
            "path": [
                "root"
            ],
            "outputs": {},
            "resources": {
                "aws_instance.example": {
                    "type": "aws_instance",
                    "depends_on": [
                        "aws_security_group.allow_all"
                    ],
                    "primary": {
                        "id": "i-0699679aaa91833af",
                        "attributes": {
                            "ami": "ami-0e71f566510325d43",
                            "arn": "arn:aws:ec2:us-east-2:745772049132:instance/i-0699679aaa91833af",
                            "associate_public_ip_address": "true",
                            "availability_zone": "us-east-2c",
                            "cpu_core_count": "1",
                            "cpu_threads_per_core": "1",
                            "credit_specification.#": "1",
                            "credit_specification.0.cpu_credits": "standard",
                            "disable_api_termination": "false",
                            "ebs_block_device.#": "0",
                            "ebs_optimized": "false",
                            "ephemeral_block_device.#": "0",
                            "get_password_data": "false",
                            "iam_instance_profile": "",
                            "id": "i-0699679aaa91833af",
                            "instance_state": "running",
                            "instance_type": "t2.micro",
                            "ipv6_addresses.#": "0",
                            "key_name": "deploy_ansible",
                            "monitoring": "false",
                            "network_interface.#": "0",
                            "network_interface_id": "eni-0719f27cec54765c6",
                            "password_data": "",
                            "placement_group": "",
                            "primary_network_interface_id": "eni-0719f27cec54765c6",
                            "private_dns": "ip-172-31-34-144.us-east-2.compute.internal",
                            "private_ip": "172.31.34.144",
                            "public_dns": "ec2-18-216-64-53.us-east-2.compute.amazonaws.com",
                            "public_ip": "18.216.64.53",
                            "root_block_device.#": "1",
                            "root_block_device.0.delete_on_termination": "true",
                            "root_block_device.0.iops": "100",
                            "root_block_device.0.volume_id": "vol-0c76c87e1c673e4ac",
                            "root_block_device.0.volume_size": "8",
                            "root_block_device.0.volume_type": "gp2",
                            "security_groups.#": "1",
                            "security_groups.2200183879": "allow_all",
                            "source_dest_check": "true",
                            "subnet_id": "subnet-1217ee5e",
                            "tags.%": "1",
                            "tags.Name": "terraform",
                            "tenancy": "default",
                            "volume_tags.%": "0",
                            "vpc_security_group_ids.#": "1",
                            "vpc_security_group_ids.4029241439": "sg-05aef96a7a53711af"
                        },
                        "meta": {
                            "e2bfb730-ecaa-11e6-8f88-34363bc7c4c0": {
                                "create": 600000000000,
                                "delete": 1200000000000,
                                "update": 600000000000
                            },
                            "schema_version": "1"
                        },
                        "tainted": false
                    },
                    "deposed": [],
                    "provider": "provider.aws"
                },
                "aws_security_group.allow_all": {
                    "type": "aws_security_group",
                    "depends_on": [],
                    "primary": {
                        "id": "sg-05aef96a7a53711af",
                        "attributes": {
                            "arn": "arn:aws:ec2:us-east-2:745772049132:security-group/sg-05aef96a7a53711af",
                            "description": "Allow all inbound traffic",
                            "egress.#": "0",
                            "id": "sg-05aef96a7a53711af",
                            "ingress.#": "1",
                            "ingress.1403647648.cidr_blocks.#": "1",
                            "ingress.1403647648.cidr_blocks.0": "0.0.0.0/0",
                            "ingress.1403647648.description": "",
                            "ingress.1403647648.from_port": "0",
                            "ingress.1403647648.ipv6_cidr_blocks.#": "0",
                            "ingress.1403647648.prefix_list_ids.#": "0",
                            "ingress.1403647648.protocol": "tcp",
                            "ingress.1403647648.security_groups.#": "0",
                            "ingress.1403647648.self": "false",
                            "ingress.1403647648.to_port": "65535",
                            "name": "allow_all",
                            "owner_id": "745772049132",
                            "revoke_rules_on_delete": "false",
                            "tags.%": "0",
                            "vpc_id": "vpc-a4bd8dcc"
                        },
                        "meta": {
                            "e2bfb730-ecaa-11e6-8f88-34363bc7c4c0": {
                                "create": 600000000000,
                                "delete": 600000000000
                            },
                            "schema_version": "1"
                        },
                        "tainted": false
                    },
                    "deposed": [],
                    "provider": "provider.aws"
                }
            },
            "depends_on": []
        }
    ]
}
